
Microsoft Visual Studio Solution File, Format Version 11.00
# Visual Studio 2010
Project("{FAE04EC0-301F-11D3-BF4B-00C04F79EFBC}") = "Assembly-CSharp-firstpass", "Assembly-CSharp-firstpass.csproj", "{f4535b2c-4927-38cd-f08a-c6710b8ad755}"
EndProject
Project("{FAE04EC0-301F-11D3-BF4B-00C04F79EFBC}") = "Assembly-CSharp", "Assembly-CSharp.csproj", "{96b74d2f-b49f-81c1-a683-61cda5dfd708}"
EndProject
Project("{FAE04EC0-301F-11D3-BF4B-00C04F79EFBC}") = "Assembly-CSharp-Editor-firstpass", "Assembly-CSharp-Editor-firstpass.csproj", "{c59341e6-e764-5672-5276-b3b710666cd1}"
EndProject
Project("{FAE04EC0-301F-11D3-BF4B-00C04F79EFBC}") = "Assembly-CSharp-Editor", "Assembly-CSharp-Editor.csproj", "{8489b2b5-bb81-2583-fd1b-19c12b0d4d79}"
EndProject
Global
	GlobalSection(SolutionConfigurationPlatforms) = preSolution
		Debug|Any CPU = Debug|Any CPU
	EndGlobalSection
	GlobalSection(ProjectConfigurationPlatforms) = postSolution
		{f4535b2c-4927-38cd-f08a-c6710b8ad755}.Debug|Any CPU.ActiveCfg = Debug|Any CPU
		{f4535b2c-4927-38cd-f08a-c6710b8ad755}.Debug|Any CPU.Build.0 = Debug|Any CPU
		{96b74d2f-b49f-81c1-a683-61cda5dfd708}.Debug|Any CPU.ActiveCfg = Debug|Any CPU
		{96b74d2f-b49f-81c1-a683-61cda5dfd708}.Debug|Any CPU.Build.0 = Debug|Any CPU
		{c59341e6-e764-5672-5276-b3b710666cd1}.Debug|Any CPU.ActiveCfg = Debug|Any CPU
		{c59341e6-e764-5672-5276-b3b710666cd1}.Debug|Any CPU.Build.0 = Debug|Any CPU
		{8489b2b5-bb81-2583-fd1b-19c12b0d4d79}.Debug|Any CPU.ActiveCfg = Debug|Any CPU
		{8489b2b5-bb81-2583-fd1b-19c12b0d4d79}.Debug|Any CPU.Build.0 = Debug|Any CPU
	EndGlobalSection
	GlobalSection(SolutionProperties) = preSolution
		HideSolutionNode = FALSE
	EndGlobalSection
EndGlobal
